
Microsoft Visual Studio Solution File, Format Version 12.00
# Visual Studio Version 16
VisualStudioVersion = 16.0.30011.22
MinimumVisualStudioVersion = 10.0.40219.1
Project("{FAE04EC0-301F-11D3-BF4B-00C04F79EFBC}") = "Atividade1", "Atividade1\Atividade1.csproj", "{7B49F5D4-2AAE-47D5-B2D6-99CF59A1CA0E}"
EndProject
Global
	GlobalSection(SolutionConfigurationPlatforms) = preSolution
		Debug|Any CPU = Debug|Any CPU
		Release|Any CPU = Release|Any CPU
	EndGlobalSection
	GlobalSection(ProjectConfigurationPlatforms) = postSolution
		{7B49F5D4-2AAE-47D5-B2D6-99CF59A1CA0E}.Debug|Any CPU.ActiveCfg = Debug|Any CPU
		{7B49F5D4-2AAE-47D5-B2D6-99CF59A1CA0E}.Debug|Any CPU.Build.0 = Debug|Any CPU
		{7B49F5D4-2AAE-47D5-B2D6-99CF59A1CA0E}.Release|Any CPU.ActiveCfg = Release|Any CPU
		{7B49F5D4-2AAE-47D5-B2D6-99CF59A1CA0E}.Release|Any CPU.Build.0 = Release|Any CPU
	EndGlobalSection
	GlobalSection(SolutionProperties) = preSolution
		HideSolutionNode = FALSE
	EndGlobalSection
	GlobalSection(ExtensibilityGlobals) = postSolution
		SolutionGuid = {76A91764-9936-41DC-A706-1804A69FC7BD}
	EndGlobalSection
EndGlobal
